<Solution>
  <Project Path="FogModWrapper/FogModWrapper.csproj" />
  <Project Path="FogModWrapper.Tests/FogModWrapper.Tests.csproj" />
  <Project Path="ItemRandomizerWrapper/ItemRandomizerWrapper.csproj" />
  <Project Path="ItemRandomizerWrapper.Tests/ItemRandomizerWrapper.Tests.csproj" />
  <Project Path="GamePatcher/GamePatcher.csproj" />
  <Project Path="GamePatcher.Tests/GamePatcher.Tests.csproj" />
</Solution>
